{
  "name": "actions",
  "version": "0.0.0",
  "lockfileVersion": 2,
  "requires": true,
  "packages": {
    "": {
      "name": "actions",
      "version": "0.0.0",
      "dependencies": {
        "@tobysmith568/prettier-config": "^2.0.1"
      }
    },
    "node_modules/@tobysmith568/prettier-config": {
      "version": "2.0.1",
      "resolved": "https://registry.npmjs.org/@tobysmith568/prettier-config/-/prettier-config-2.0.1.tgz",
      "integrity": "sha512-DNfGW5sIS3Lmc+Pe/8APvRQmYR4jkbbjwpGm9yvgN/uHA5GIy2GhxlHC2nCF5c2s4m3BuW6LYvIvx9gQw5D0ow==",
      "dependencies": {
        "prettier": "^3.0.0",
        "prettier-plugin-organize-imports": "^3.2.3",
        "typescript": "^5.0.0"
      }
    },
    "node_modules/prettier": {
      "version": "3.0.3",
      "resolved": "https://registry.npmjs.org/prettier/-/prettier-3.0.3.tgz",
      "integrity": "sha512-L/4pUDMxcNa8R/EthV08Zt42WBO4h1rarVtK0K+QJG0X187OLo7l699jWw0GKuwzkPQ//jMFA/8Xm6Fh3J/DAg==",
      "bin": {
        "prettier": "bin/prettier.cjs"
      },
      "engines": {
        "node": ">=14"
      },
      "funding": {
        "url": "https://github.com/prettier/prettier?sponsor=1"
      }
    },
    "node_modules/prettier-plugin-organize-imports": {
      "version": "3.2.3",
      "resolved": "https://registry.npmjs.org/prettier-plugin-organize-imports/-/prettier-plugin-organize-imports-3.2.3.tgz",
      "integrity": "sha512-KFvk8C/zGyvUaE3RvxN2MhCLwzV6OBbFSkwZ2OamCrs9ZY4i5L77jQ/w4UmUr+lqX8qbaqVq6bZZkApn+IgJSg==",
      "peerDependencies": {
        "@volar/vue-language-plugin-pug": "^1.0.4",
        "@volar/vue-typescript": "^1.0.4",
        "prettier": ">=2.0",
        "typescript": ">=2.9"
      },
      "peerDependenciesMeta": {
        "@volar/vue-language-plugin-pug": {
          "optional": true
        },
        "@volar/vue-typescript": {
          "optional": true
        }
      }
    },
    "node_modules/typescript": {
      "version": "5.2.2",
      "resolved": "https://registry.npmjs.org/typescript/-/typescript-5.2.2.tgz",
      "integrity": "sha512-mI4WrpHsbCIcwT9cF4FZvr80QUeKvsUsUvKDoR+X/7XHQH98xYD8YHZg7ANtz2GtZt/CBq2QJ0thkGJMHfqc1w==",
      "bin": {
        "tsc": "bin/tsc",
        "tsserver": "bin/tsserver"
      },
      "engines": {
        "node": ">=14.17"
      }
    }
  },
  "dependencies": {
    "@tobysmith568/prettier-config": {
      "version": "2.0.1",
      "resolved": "https://registry.npmjs.org/@tobysmith568/prettier-config/-/prettier-config-2.0.1.tgz",
      "integrity": "sha512-DNfGW5sIS3Lmc+Pe/8APvRQmYR4jkbbjwpGm9yvgN/uHA5GIy2GhxlHC2nCF5c2s4m3BuW6LYvIvx9gQw5D0ow==",
      "requires": {
        "prettier": "^3.0.0",
        "prettier-plugin-organize-imports": "^3.2.3",
        "typescript": "^5.0.0"
      }
    },
    "prettier": {
      "version": "3.0.3",
      "resolved": "https://registry.npmjs.org/prettier/-/prettier-3.0.3.tgz",
      "integrity": "sha512-L/4pUDMxcNa8R/EthV08Zt42WBO4h1rarVtK0K+QJG0X187OLo7l699jWw0GKuwzkPQ//jMFA/8Xm6Fh3J/DAg=="
    },
    "prettier-plugin-organize-imports": {
      "version": "3.2.3",
      "resolved": "https://registry.npmjs.org/prettier-plugin-organize-imports/-/prettier-plugin-organize-imports-3.2.3.tgz",
      "integrity": "sha512-KFvk8C/zGyvUaE3RvxN2MhCLwzV6OBbFSkwZ2OamCrs9ZY4i5L77jQ/w4UmUr+lqX8qbaqVq6bZZkApn+IgJSg==",
      "requires": {}
    },
    "typescript": {
      "version": "5.2.2",
      "resolved": "https://registry.npmjs.org/typescript/-/typescript-5.2.2.tgz",
      "integrity": "sha512-mI4WrpHsbCIcwT9cF4FZvr80QUeKvsUsUvKDoR+X/7XHQH98xYD8YHZg7ANtz2GtZt/CBq2QJ0thkGJMHfqc1w=="
    }
  }
}
